# @generated by Move, please check-in and do not edit manually.

[move]
version = 3
manifest_digest = "B2711C33EA5F64F142099DF73153DFD86E889B57B39C7A3932B86F05FD1A0E2A"
deps_digest = "F8BBB0CCB2491CA29A3DF03D6F92277A4F3574266507ACD77214D37ECA3F3082"
dependencies = [
  { id = "Sui", name = "Sui" },
]

[[move.package]]
id = "MoveStdlib"
source = { git = "https://github.com/MystenLabs/sui.git", rev = "framework/testnet", subdir = "crates/sui-framework/packages/move-stdlib" }

[[move.package]]
id = "Sui"
source = { git = "https://github.com/MystenLabs/sui.git", rev = "framework/testnet", subdir = "crates/sui-framework/packages/sui-framework" }

dependencies = [
  { id = "MoveStdlib", name = "MoveStdlib" },
]

[move.toolchain-version]
compiler-version = "1.60.0"
edition = "2024.beta"
flavor = "sui"

[env]

[env.testnet]
chain-id = "4c78adac"
original-published-id = "0xa7791e0b6d7c9ff2c00e4aff7e0a07c0578928d27d19a8f4f1d4637051a760ed"
latest-published-id = "0xa7791e0b6d7c9ff2c00e4aff7e0a07c0578928d27d19a8f4f1d4637051a760ed"
published-version = "1"
